Microsoft Visual Studio Solution File, Format Version 12.00
# Visual Studio Version 17
VisualStudioVersion = 17.10.34928.147
MinimumVisualStudioVersion = 10.0.40219.1
Project("{9A19103F-16F7-4668-BE54-9A1E7A4F7556}") = "SessionModManagerWPF", "SessionMapSwitcherWPF\SessionModManagerWPF.csproj", "{4902CDB6-BEAE-4208-B674-38BCE8E37BE4}"
EndProject
Project("{9A19103F-16F7-4668-BE54-9A1E7A4F7556}") = "SessionModManagerCore", "SessionModManagerCore\SessionModManagerCore.csproj", "{F4E6E657-D397-4C69-8F3F-4419B0D615B4}"
EndProject
Project("{9A19103F-16F7-4668-BE54-9A1E7A4F7556}") = "ModManagerUnitTests", "MapSwitcherUnitTests\ModManagerUnitTests.csproj", "{84FBB181-B647-43A6-BEB2-6B1F44DB7ACB}"
EndProject
Project("{FAE04EC0-301F-11D3-BF4B-00C04F79EFBC}") = "SessionModManagerAvalonia", "SessionModManagerAvalonia\SessionModManagerAvalonia.csproj", "{625DB5C7-9BEA-4D8D-9477-9A206278CBCB}"
EndProject
Global
	GlobalSection(SolutionConfigurationPlatforms) = preSolution
		Debug|Any CPU = Debug|Any CPU
		Release|Any CPU = Release|Any CPU
	EndGlobalSection
	GlobalSection(ProjectConfigurationPlatforms) = postSolution
		{4902CDB6-BEAE-4208-B674-38BCE8E37BE4}.Debug|Any CPU.ActiveCfg = Debug|Any CPU
		{4902CDB6-BEAE-4208-B674-38BCE8E37BE4}.Debug|Any CPU.Build.0 = Debug|Any CPU
		{4902CDB6-BEAE-4208-B674-38BCE8E37BE4}.Release|Any CPU.ActiveCfg = Release|Any CPU
		{4902CDB6-BEAE-4208-B674-38BCE8E37BE4}.Release|Any CPU.Build.0 = Release|Any CPU
		{F4E6E657-D397-4C69-8F3F-4419B0D615B4}.Debug|Any CPU.ActiveCfg = Debug|Any CPU
		{F4E6E657-D397-4C69-8F3F-4419B0D615B4}.Debug|Any CPU.Build.0 = Debug|Any CPU
		{F4E6E657-D397-4C69-8F3F-4419B0D615B4}.Release|Any CPU.ActiveCfg = Release|Any CPU
		{F4E6E657-D397-4C69-8F3F-4419B0D615B4}.Release|Any CPU.Build.0 = Release|Any CPU
		{84FBB181-B647-43A6-BEB2-6B1F44DB7ACB}.Debug|Any CPU.ActiveCfg = Debug|Any CPU
		{84FBB181-B647-43A6-BEB2-6B1F44DB7ACB}.Debug|Any CPU.Build.0 = Debug|Any CPU
		{84FBB181-B647-43A6-BEB2-6B1F44DB7ACB}.Release|Any CPU.ActiveCfg = Release|Any CPU
		{84FBB181-B647-43A6-BEB2-6B1F44DB7ACB}.Release|Any CPU.Build.0 = Release|Any CPU
		{625DB5C7-9BEA-4D8D-9477-9A206278CBCB}.Debug|Any CPU.ActiveCfg = Debug|Any CPU
		{625DB5C7-9BEA-4D8D-9477-9A206278CBCB}.Debug|Any CPU.Build.0 = Debug|Any CPU
		{625DB5C7-9BEA-4D8D-9477-9A206278CBCB}.Release|Any CPU.ActiveCfg = Release|Any CPU
		{625DB5C7-9BEA-4D8D-9477-9A206278CBCB}.Release|Any CPU.Build.0 = Release|Any CPU
	EndGlobalSection
	GlobalSection(SolutionProperties) = preSolution
		HideSolutionNode = FALSE
	EndGlobalSection
	GlobalSection(ExtensibilityGlobals) = postSolution
		SolutionGuid = {D78199FA-2E75-450F-A0D1-AA14E14F5DEF}
	EndGlobalSection
EndGlobal
