
Microsoft Visual Studio Solution File, Format Version 12.00
# Visual Studio Version 16
VisualStudioVersion = 16.0.29215.179
MinimumVisualStudioVersion = 10.0.40219.1
Project("{FAE04EC0-301F-11D3-BF4B-00C04F79EFBC}") = "SessionMapSwitcher", "SessionMapSwitcher\SessionMapSwitcher.csproj", "{F7200046-CC2D-4B4F-B6E6-60C3FB0A7A61}"
EndProject
Global
	GlobalSection(SolutionConfigurationPlatforms) = preSolution
		Debug|Any CPU = Debug|Any CPU
		Release|Any CPU = Release|Any CPU
	EndGlobalSection
	GlobalSection(ProjectConfigurationPlatforms) = postSolution
		{F7200046-CC2D-4B4F-B6E6-60C3FB0A7A61}.Debug|Any CPU.ActiveCfg = Debug|Any CPU
		{F7200046-CC2D-4B4F-B6E6-60C3FB0A7A61}.Debug|Any CPU.Build.0 = Debug|Any CPU
		{F7200046-CC2D-4B4F-B6E6-60C3FB0A7A61}.Release|Any CPU.ActiveCfg = Release|Any CPU
		{F7200046-CC2D-4B4F-B6E6-60C3FB0A7A61}.Release|Any CPU.Build.0 = Release|Any CPU
	EndGlobalSection
	GlobalSection(SolutionProperties) = preSolution
		HideSolutionNode = FALSE
	EndGlobalSection
	GlobalSection(ExtensibilityGlobals) = postSolution
		SolutionGuid = {D78199FA-2E75-450F-A0D1-AA14E14F5DEF}
	EndGlobalSection
EndGlobal
